{
    "name": "@bit/lodash.lodash.unique-id",
    "version": "4.17.11",
    "lockfileVersion": 1,
    "requires": true,
    "dependencies": {
        "@bit/lodash.lodash.internal._array-map": {
            "version": "4.17.11",
            "resolved": "https://node.bit.dev/lodash.lodash.internal._array-map/-/lodash.lodash.internal._array-map-4.17.11.tgz",
            "integrity": "sha1-ydyQ+LdZKDenwkVPkzyFBJG+hds="
        },
        "@bit/lodash.lodash.internal._base-get-tag": {
            "version": "4.17.11",
            "resolved": "https://node.bit.dev/lodash.lodash.internal._base-get-tag/-/lodash.lodash.internal._base-get-tag-4.17.11.tgz",
            "integrity": "sha1-syXeBOCilQhd6UqyP/TJ2z9tl4k=",
            "requires": {
                "@bit/lodash.lodash.internal._get-raw-tag": "4.17.11",
                "@bit/lodash.lodash.internal._object-to-string": "4.17.11",
                "@bit/lodash.lodash.internal._symbol": "4.17.11"
            }
        },
        "@bit/lodash.lodash.internal._base-to-string": {
            "version": "4.17.11",
            "resolved": "https://node.bit.dev/lodash.lodash.internal._base-to-string/-/lodash.lodash.internal._base-to-string-4.17.11.tgz",
            "integrity": "sha1-BS3FcJBhKl1oTEOJZLsYLIua8l8=",
            "requires": {
                "@bit/lodash.lodash.internal._array-map": "4.17.11",
                "@bit/lodash.lodash.internal._symbol": "4.17.11",
                "@bit/lodash.lodash.is-array": "4.17.11",
                "@bit/lodash.lodash.is-symbol": "4.17.11"
            }
        },
        "@bit/lodash.lodash.internal._free-global": {
            "version": "4.17.11",
            "resolved": "https://node.bit.dev/lodash.lodash.internal._free-global/-/lodash.lodash.internal._free-global-4.17.11.tgz",
            "integrity": "sha1-qZ1Sjz7AYK8QdViuEdYfWoEyKAE="
        },
        "@bit/lodash.lodash.internal._get-raw-tag": {
            "version": "4.17.11",
            "resolved": "https://node.bit.dev/lodash.lodash.internal._get-raw-tag/-/lodash.lodash.internal._get-raw-tag-4.17.11.tgz",
            "integrity": "sha1-onf5Xb+ZE1aL15MEcfwUX9Sn8vM=",
            "requires": {
                "@bit/lodash.lodash.internal._symbol": "4.17.11"
            }
        },
        "@bit/lodash.lodash.internal._object-to-string": {
            "version": "4.17.11",
            "resolved": "https://node.bit.dev/lodash.lodash.internal._object-to-string/-/lodash.lodash.internal._object-to-string-4.17.11.tgz",
            "integrity": "sha1-3vtDt+Z/mTFuUD//HSid7S7eCAU="
        },
        "@bit/lodash.lodash.internal._root": {
            "version": "4.17.11",
            "resolved": "https://node.bit.dev/lodash.lodash.internal._root/-/lodash.lodash.internal._root-4.17.11.tgz",
            "integrity": "sha1-2hKq0bT8Y59B/1rlRh18av8265Q=",
            "requires": {
                "@bit/lodash.lodash.internal._free-global": "4.17.11"
            }
        },
        "@bit/lodash.lodash.internal._symbol": {
            "version": "4.17.11",
            "resolved": "https://node.bit.dev/lodash.lodash.internal._symbol/-/lodash.lodash.internal._symbol-4.17.11.tgz",
            "integrity": "sha1-uOl23jilTf/bVC4gmQ0/ziaZn1c=",
            "requires": {
                "@bit/lodash.lodash.internal._root": "4.17.11"
            }
        },
        "@bit/lodash.lodash.is-array": {
            "version": "4.17.11",
            "resolved": "https://node.bit.dev/lodash.lodash.is-array/-/lodash.lodash.is-array-4.17.11.tgz",
            "integrity": "sha1-UqhDfy12gSumrBxVsBsEttznZKk="
        },
        "@bit/lodash.lodash.is-object-like": {
            "version": "4.17.11",
            "resolved": "https://node.bit.dev/lodash.lodash.is-object-like/-/lodash.lodash.is-object-like-4.17.11.tgz",
            "integrity": "sha1-WvypSIP5La5OT+p6/Dj7+AnOdoU="
        },
        "@bit/lodash.lodash.is-symbol": {
            "version": "4.17.11",
            "resolved": "https://node.bit.dev/lodash.lodash.is-symbol/-/lodash.lodash.is-symbol-4.17.11.tgz",
            "integrity": "sha1-dNCTw4ihXyc2s9VIVGYER8NTQn8=",
            "requires": {
                "@bit/lodash.lodash.internal._base-get-tag": "4.17.11",
                "@bit/lodash.lodash.is-object-like": "4.17.11"
            }
        },
        "@bit/lodash.lodash.to-string": {
            "version": "4.17.11",
            "resolved": "https://node.bit.dev/lodash.lodash.to-string/-/lodash.lodash.to-string-4.17.11.tgz",
            "integrity": "sha1-dRyiczelOAA3u99VU+Ru6HYMdgE=",
            "requires": {
                "@bit/lodash.lodash.internal._base-to-string": "4.17.11"
            }
        }
    }
}
